
Microsoft Visual Studio Solution File, Format Version 12.00
# Visual Studio 15
VisualStudioVersion = 15.0.26124.0
MinimumVisualStudioVersion = 15.0.26124.0
Project("{FAE04EC0-301F-11D3-BF4B-00C04F79EFBC}") = "API", "API\API.csproj", "{077B08AD-DEBD-4AF0-BDA5-5B862CB88BF7}"
EndProject
Project("{FAE04EC0-301F-11D3-BF4B-00C04F79EFBC}") = "Core", "Core\Core.csproj", "{686730E4-47D0-40C8-BFF2-38236CED4E03}"
EndProject
Project("{FAE04EC0-301F-11D3-BF4B-00C04F79EFBC}") = "Infrastructure", "Infrastructure\Infrastructure.csproj", "{C4FF1141-5009-4F2D-A689-1D68DC0C74B0}"
EndProject
Global
	GlobalSection(SolutionConfigurationPlatforms) = preSolution
		Debug|Any CPU = Debug|Any CPU
		Debug|x64 = Debug|x64
		Debug|x86 = Debug|x86
		Release|Any CPU = Release|Any CPU
		Release|x64 = Release|x64
		Release|x86 = Release|x86
	EndGlobalSection
	GlobalSection(SolutionProperties) = preSolution
		HideSolutionNode = FALSE
	EndGlobalSection
	GlobalSection(ProjectConfigurationPlatforms) = postSolution
		{077B08AD-DEBD-4AF0-BDA5-5B862CB88BF7}.Debug|Any CPU.ActiveCfg = Debug|Any CPU
		{077B08AD-DEBD-4AF0-BDA5-5B862CB88BF7}.Debug|Any CPU.Build.0 = Debug|Any CPU
		{077B08AD-DEBD-4AF0-BDA5-5B862CB88BF7}.Debug|x64.ActiveCfg = Debug|Any CPU
		{077B08AD-DEBD-4AF0-BDA5-5B862CB88BF7}.Debug|x64.Build.0 = Debug|Any CPU
		{077B08AD-DEBD-4AF0-BDA5-5B862CB88BF7}.Debug|x86.ActiveCfg = Debug|Any CPU
		{077B08AD-DEBD-4AF0-BDA5-5B862CB88BF7}.Debug|x86.Build.0 = Debug|Any CPU
		{077B08AD-DEBD-4AF0-BDA5-5B862CB88BF7}.Release|Any CPU.ActiveCfg = Release|Any CPU
		{077B08AD-DEBD-4AF0-BDA5-5B862CB88BF7}.Release|Any CPU.Build.0 = Release|Any CPU
		{077B08AD-DEBD-4AF0-BDA5-5B862CB88BF7}.Release|x64.ActiveCfg = Release|Any CPU
		{077B08AD-DEBD-4AF0-BDA5-5B862CB88BF7}.Release|x64.Build.0 = Release|Any CPU
		{077B08AD-DEBD-4AF0-BDA5-5B862CB88BF7}.Release|x86.ActiveCfg = Release|Any CPU
		{077B08AD-DEBD-4AF0-BDA5-5B862CB88BF7}.Release|x86.Build.0 = Release|Any CPU
		{686730E4-47D0-40C8-BFF2-38236CED4E03}.Debug|Any CPU.ActiveCfg = Debug|Any CPU
		{686730E4-47D0-40C8-BFF2-38236CED4E03}.Debug|Any CPU.Build.0 = Debug|Any CPU
		{686730E4-47D0-40C8-BFF2-38236CED4E03}.Debug|x64.ActiveCfg = Debug|Any CPU
		{686730E4-47D0-40C8-BFF2-38236CED4E03}.Debug|x64.Build.0 = Debug|Any CPU
		{686730E4-47D0-40C8-BFF2-38236CED4E03}.Debug|x86.ActiveCfg = Debug|Any CPU
		{686730E4-47D0-40C8-BFF2-38236CED4E03}.Debug|x86.Build.0 = Debug|Any CPU
		{686730E4-47D0-40C8-BFF2-38236CED4E03}.Release|Any CPU.ActiveCfg = Release|Any CPU
		{686730E4-47D0-40C8-BFF2-38236CED4E03}.Release|Any CPU.Build.0 = Release|Any CPU
		{686730E4-47D0-40C8-BFF2-38236CED4E03}.Release|x64.ActiveCfg = Release|Any CPU
		{686730E4-47D0-40C8-BFF2-38236CED4E03}.Release|x64.Build.0 = Release|Any CPU
		{686730E4-47D0-40C8-BFF2-38236CED4E03}.Release|x86.ActiveCfg = Release|Any CPU
		{686730E4-47D0-40C8-BFF2-38236CED4E03}.Release|x86.Build.0 = Release|Any CPU
		{C4FF1141-5009-4F2D-A689-1D68DC0C74B0}.Debug|Any CPU.ActiveCfg = Debug|Any CPU
		{C4FF1141-5009-4F2D-A689-1D68DC0C74B0}.Debug|Any CPU.Build.0 = Debug|Any CPU
		{C4FF1141-5009-4F2D-A689-1D68DC0C74B0}.Debug|x64.ActiveCfg = Debug|Any CPU
		{C4FF1141-5009-4F2D-A689-1D68DC0C74B0}.Debug|x64.Build.0 = Debug|Any CPU
		{C4FF1141-5009-4F2D-A689-1D68DC0C74B0}.Debug|x86.ActiveCfg = Debug|Any CPU
		{C4FF1141-5009-4F2D-A689-1D68DC0C74B0}.Debug|x86.Build.0 = Debug|Any CPU
		{C4FF1141-5009-4F2D-A689-1D68DC0C74B0}.Release|Any CPU.ActiveCfg = Release|Any CPU
		{C4FF1141-5009-4F2D-A689-1D68DC0C74B0}.Release|Any CPU.Build.0 = Release|Any CPU
		{C4FF1141-5009-4F2D-A689-1D68DC0C74B0}.Release|x64.ActiveCfg = Release|Any CPU
		{C4FF1141-5009-4F2D-A689-1D68DC0C74B0}.Release|x64.Build.0 = Release|Any CPU
		{C4FF1141-5009-4F2D-A689-1D68DC0C74B0}.Release|x86.ActiveCfg = Release|Any CPU
		{C4FF1141-5009-4F2D-A689-1D68DC0C74B0}.Release|x86.Build.0 = Release|Any CPU
	EndGlobalSection
EndGlobal
